
Microsoft Visual Studio Solution File, Format Version 12.00
# Visual Studio 15
VisualStudioVersion = 15.0.28307.168
MinimumVisualStudioVersion = 10.0.40219.1
Project("{8BC9CEB8-8B4A-11D0-8D11-00A0C91BC942}") = "lab6 - rekurencje", "lab6 - rekurencje\lab6 - rekurencje.vcxproj", "{FF7A5CEF-18CA-4B1C-BB8F-4D7E6406450B}"
EndProject
Global
	GlobalSection(SolutionConfigurationPlatforms) = preSolution
		Debug|x64 = Debug|x64
		Debug|x86 = Debug|x86
		Release|x64 = Release|x64
		Release|x86 = Release|x86
	EndGlobalSection
	GlobalSection(ProjectConfigurationPlatforms) = postSolution
		{FF7A5CEF-18CA-4B1C-BB8F-4D7E6406450B}.Debug|x64.ActiveCfg = Debug|x64
		{FF7A5CEF-18CA-4B1C-BB8F-4D7E6406450B}.Debug|x64.Build.0 = Debug|x64
		{FF7A5CEF-18CA-4B1C-BB8F-4D7E6406450B}.Debug|x86.ActiveCfg = Debug|Win32
		{FF7A5CEF-18CA-4B1C-BB8F-4D7E6406450B}.Debug|x86.Build.0 = Debug|Win32
		{FF7A5CEF-18CA-4B1C-BB8F-4D7E6406450B}.Release|x64.ActiveCfg = Release|x64
		{FF7A5CEF-18CA-4B1C-BB8F-4D7E6406450B}.Release|x64.Build.0 = Release|x64
		{FF7A5CEF-18CA-4B1C-BB8F-4D7E6406450B}.Release|x86.ActiveCfg = Release|Win32
		{FF7A5CEF-18CA-4B1C-BB8F-4D7E6406450B}.Release|x86.Build.0 = Release|Win32
	EndGlobalSection
	GlobalSection(SolutionProperties) = preSolution
		HideSolutionNode = FALSE
	EndGlobalSection
	GlobalSection(ExtensibilityGlobals) = postSolution
		SolutionGuid = {A9134CA2-CC8C-4CA0-B8DA-E152C1833087}
	EndGlobalSection
EndGlobal
